PODS:
  - SnapKit (5.0.1)
  - Tactile (3.0.1)

DEPENDENCIES:
  - SnapKit
  - Tactile

SPEC REPOS:
  trunk:
    - SnapKit
    - Tactile

SPEC CHECKSUMS:
  SnapKit: 97b92857e3df3a0c71833cce143274bf6ef8e5eb
  Tactile: 266a3ddd39e670205de3987ded0414d9206ae300

PODFILE CHECKSUM: 975209cfa264079d5e7229d1bbee86b9a338008b

COCOAPODS: 1.8.4
